
Microsoft Visual Studio Solution File, Format Version 12.00
# Visual Studio 15
VisualStudioVersion = 15.0.26430.13
MinimumVisualStudioVersion = 10.0.40219.1
Project("{FAE04EC0-301F-11D3-BF4B-00C04F79EFBC}") = "MatchFullName", "MatchFullName\MatchFullName.csproj", "{D98F2687-0EE9-4AF2-9AE9-F982FFEE84E0}"
EndProject
Project("{FAE04EC0-301F-11D3-BF4B-00C04F79EFBC}") = "MatchPhoneNumber", "MatchPhoneNumber\MatchPhoneNumber.csproj", "{8424C54B-0D44-4581-B534-D90161BB8109}"
EndProject
Project("{FAE04EC0-301F-11D3-BF4B-00C04F79EFBC}") = "SeriesOfLetters", "SeriesOfLetters\SeriesOfLetters.csproj", "{CBDC69BF-BA85-4978-8987-9DAFF5FAE124}"
EndProject
Project("{FAE04EC0-301F-11D3-BF4B-00C04F79EFBC}") = "ReplaceTag", "ReplaceTag\ReplaceTag.csproj", "{28B2AFFD-F00A-4C5F-B3BC-9FFD0339BC4B}"
EndProject
Project("{FAE04EC0-301F-11D3-BF4B-00C04F79EFBC}") = "ExtractEmails", "ExtractEmails\ExtractEmails.csproj", "{CFE19A2A-A87F-4CA8-8DEC-1AECAC3971A0}"
EndProject
Project("{FAE04EC0-301F-11D3-BF4B-00C04F79EFBC}") = "SentenceExtractor", "SentenceExtractor\SentenceExtractor.csproj", "{063D06A4-026D-40E4-9DEC-4DB3B1B2E75A}"
EndProject
Project("{FAE04EC0-301F-11D3-BF4B-00C04F79EFBC}") = "ValidUsernames", "ValidUsernames\ValidUsernames.csproj", "{84C9F4B9-9FDF-4615-AB27-CEA8981144BF}"
EndProject
Project("{FAE04EC0-301F-11D3-BF4B-00C04F79EFBC}") = "UseYourChainsBuddy", "UseYourChainsBuddy\UseYourChainsBuddy.csproj", "{37FD99DB-6860-4029-B77C-6E9F1AC7A079}"
EndProject
Project("{FAE04EC0-301F-11D3-BF4B-00C04F79EFBC}") = "ExtractHyperlinks", "ExtractHyperlinks\ExtractHyperlinks.csproj", "{E0A104DE-EA9F-4A2E-A4A0-8BDF267E8121}"
EndProject
Project("{FAE04EC0-301F-11D3-BF4B-00C04F79EFBC}") = "QueryMess", "QueryMess\QueryMess.csproj", "{9DB13E1A-D55E-41E7-B058-258F598B1ED4}"
EndProject
Project("{FAE04EC0-301F-11D3-BF4B-00C04F79EFBC}") = "SemanticHTML", "SemanticHTML\SemanticHTML.csproj", "{8A7F4A3F-6183-49D1-84E2-D12706154D27}"
EndProject
Global
	GlobalSection(SolutionConfigurationPlatforms) = preSolution
		Debug|Any CPU = Debug|Any CPU
		Release|Any CPU = Release|Any CPU
	EndGlobalSection
	GlobalSection(ProjectConfigurationPlatforms) = postSolution
		{D98F2687-0EE9-4AF2-9AE9-F982FFEE84E0}.Debug|Any CPU.ActiveCfg = Debug|Any CPU
		{D98F2687-0EE9-4AF2-9AE9-F982FFEE84E0}.Debug|Any CPU.Build.0 = Debug|Any CPU
		{D98F2687-0EE9-4AF2-9AE9-F982FFEE84E0}.Release|Any CPU.ActiveCfg = Release|Any CPU
		{D98F2687-0EE9-4AF2-9AE9-F982FFEE84E0}.Release|Any CPU.Build.0 = Release|Any CPU
		{8424C54B-0D44-4581-B534-D90161BB8109}.Debug|Any CPU.ActiveCfg = Debug|Any CPU
		{8424C54B-0D44-4581-B534-D90161BB8109}.Debug|Any CPU.Build.0 = Debug|Any CPU
		{8424C54B-0D44-4581-B534-D90161BB8109}.Release|Any CPU.ActiveCfg = Release|Any CPU
		{8424C54B-0D44-4581-B534-D90161BB8109}.Release|Any CPU.Build.0 = Release|Any CPU
		{CBDC69BF-BA85-4978-8987-9DAFF5FAE124}.Debug|Any CPU.ActiveCfg = Debug|Any CPU
		{CBDC69BF-BA85-4978-8987-9DAFF5FAE124}.Debug|Any CPU.Build.0 = Debug|Any CPU
		{CBDC69BF-BA85-4978-8987-9DAFF5FAE124}.Release|Any CPU.ActiveCfg = Release|Any CPU
		{CBDC69BF-BA85-4978-8987-9DAFF5FAE124}.Release|Any CPU.Build.0 = Release|Any CPU
		{28B2AFFD-F00A-4C5F-B3BC-9FFD0339BC4B}.Debug|Any CPU.ActiveCfg = Debug|Any CPU
		{28B2AFFD-F00A-4C5F-B3BC-9FFD0339BC4B}.Debug|Any CPU.Build.0 = Debug|Any CPU
		{28B2AFFD-F00A-4C5F-B3BC-9FFD0339BC4B}.Release|Any CPU.ActiveCfg = Release|Any CPU
		{28B2AFFD-F00A-4C5F-B3BC-9FFD0339BC4B}.Release|Any CPU.Build.0 = Release|Any CPU
		{CFE19A2A-A87F-4CA8-8DEC-1AECAC3971A0}.Debug|Any CPU.ActiveCfg = Debug|Any CPU
		{CFE19A2A-A87F-4CA8-8DEC-1AECAC3971A0}.Debug|Any CPU.Build.0 = Debug|Any CPU
		{CFE19A2A-A87F-4CA8-8DEC-1AECAC3971A0}.Release|Any CPU.ActiveCfg = Release|Any CPU
		{CFE19A2A-A87F-4CA8-8DEC-1AECAC3971A0}.Release|Any CPU.Build.0 = Release|Any CPU
		{063D06A4-026D-40E4-9DEC-4DB3B1B2E75A}.Debug|Any CPU.ActiveCfg = Debug|Any CPU
		{063D06A4-026D-40E4-9DEC-4DB3B1B2E75A}.Debug|Any CPU.Build.0 = Debug|Any CPU
		{063D06A4-026D-40E4-9DEC-4DB3B1B2E75A}.Release|Any CPU.ActiveCfg = Release|Any CPU
		{063D06A4-026D-40E4-9DEC-4DB3B1B2E75A}.Release|Any CPU.Build.0 = Release|Any CPU
		{84C9F4B9-9FDF-4615-AB27-CEA8981144BF}.Debug|Any CPU.ActiveCfg = Debug|Any CPU
		{84C9F4B9-9FDF-4615-AB27-CEA8981144BF}.Debug|Any CPU.Build.0 = Debug|Any CPU
		{84C9F4B9-9FDF-4615-AB27-CEA8981144BF}.Release|Any CPU.ActiveCfg = Release|Any CPU
		{84C9F4B9-9FDF-4615-AB27-CEA8981144BF}.Release|Any CPU.Build.0 = Release|Any CPU
		{37FD99DB-6860-4029-B77C-6E9F1AC7A079}.Debug|Any CPU.ActiveCfg = Debug|Any CPU
		{37FD99DB-6860-4029-B77C-6E9F1AC7A079}.Debug|Any CPU.Build.0 = Debug|Any CPU
		{37FD99DB-6860-4029-B77C-6E9F1AC7A079}.Release|Any CPU.ActiveCfg = Release|Any CPU
		{37FD99DB-6860-4029-B77C-6E9F1AC7A079}.Release|Any CPU.Build.0 = Release|Any CPU
		{E0A104DE-EA9F-4A2E-A4A0-8BDF267E8121}.Debug|Any CPU.ActiveCfg = Debug|Any CPU
		{E0A104DE-EA9F-4A2E-A4A0-8BDF267E8121}.Debug|Any CPU.Build.0 = Debug|Any CPU
		{E0A104DE-EA9F-4A2E-A4A0-8BDF267E8121}.Release|Any CPU.ActiveCfg = Release|Any CPU
		{E0A104DE-EA9F-4A2E-A4A0-8BDF267E8121}.Release|Any CPU.Build.0 = Release|Any CPU
		{9DB13E1A-D55E-41E7-B058-258F598B1ED4}.Debug|Any CPU.ActiveCfg = Debug|Any CPU
		{9DB13E1A-D55E-41E7-B058-258F598B1ED4}.Debug|Any CPU.Build.0 = Debug|Any CPU
		{9DB13E1A-D55E-41E7-B058-258F598B1ED4}.Release|Any CPU.ActiveCfg = Release|Any CPU
		{9DB13E1A-D55E-41E7-B058-258F598B1ED4}.Release|Any CPU.Build.0 = Release|Any CPU
		{8A7F4A3F-6183-49D1-84E2-D12706154D27}.Debug|Any CPU.ActiveCfg = Debug|Any CPU
		{8A7F4A3F-6183-49D1-84E2-D12706154D27}.Debug|Any CPU.Build.0 = Debug|Any CPU
		{8A7F4A3F-6183-49D1-84E2-D12706154D27}.Release|Any CPU.ActiveCfg = Release|Any CPU
		{8A7F4A3F-6183-49D1-84E2-D12706154D27}.Release|Any CPU.Build.0 = Release|Any CPU
	EndGlobalSection
	GlobalSection(SolutionProperties) = preSolution
		HideSolutionNode = FALSE
	EndGlobalSection
EndGlobal
