
Microsoft Visual Studio Solution File, Format Version 12.00
# Visual Studio 15
VisualStudioVersion = 15.0.26430.12
MinimumVisualStudioVersion = 10.0.40219.1
Project("{FAE04EC0-301F-11D3-BF4B-00C04F79EFBC}") = "OddLines", "OddLines\OddLines.csproj", "{A73756DE-4323-4D02-8A63-F79EECD06503}"
EndProject
Project("{FAE04EC0-301F-11D3-BF4B-00C04F79EFBC}") = "LineNumbers", "LineNumbers\LineNumbers.csproj", "{C73166D8-C289-4B19-BC55-1FE7020B9048}"
EndProject
Project("{FAE04EC0-301F-11D3-BF4B-00C04F79EFBC}") = "WordCount", "WordCount\WordCount.csproj", "{78E342F0-B561-4E46-9B31-63CD16041208}"
EndProject
Project("{FAE04EC0-301F-11D3-BF4B-00C04F79EFBC}") = "CopyBinaryFile", "CopyBinaryFile\CopyBinaryFile.csproj", "{9A6EB187-982C-45E2-BC00-45A48A624E72}"
EndProject
Project("{FAE04EC0-301F-11D3-BF4B-00C04F79EFBC}") = "SlicingFile", "SlicingFile\SlicingFile.csproj", "{0E80B431-D3D3-498F-AF0C-BC0B74A6535F}"
EndProject
Project("{FAE04EC0-301F-11D3-BF4B-00C04F79EFBC}") = "ZippingSlicedFiles", "ZippingSlicedFiles\ZippingSlicedFiles.csproj", "{61CFB42D-5A49-4F69-A0A6-D588DDA40F08}"
EndProject
Global
	GlobalSection(SolutionConfigurationPlatforms) = preSolution
		Debug|Any CPU = Debug|Any CPU
		Release|Any CPU = Release|Any CPU
	EndGlobalSection
	GlobalSection(ProjectConfigurationPlatforms) = postSolution
		{A73756DE-4323-4D02-8A63-F79EECD06503}.Debug|Any CPU.ActiveCfg = Debug|Any CPU
		{A73756DE-4323-4D02-8A63-F79EECD06503}.Debug|Any CPU.Build.0 = Debug|Any CPU
		{A73756DE-4323-4D02-8A63-F79EECD06503}.Release|Any CPU.ActiveCfg = Release|Any CPU
		{A73756DE-4323-4D02-8A63-F79EECD06503}.Release|Any CPU.Build.0 = Release|Any CPU
		{C73166D8-C289-4B19-BC55-1FE7020B9048}.Debug|Any CPU.ActiveCfg = Debug|Any CPU
		{C73166D8-C289-4B19-BC55-1FE7020B9048}.Debug|Any CPU.Build.0 = Debug|Any CPU
		{C73166D8-C289-4B19-BC55-1FE7020B9048}.Release|Any CPU.ActiveCfg = Release|Any CPU
		{C73166D8-C289-4B19-BC55-1FE7020B9048}.Release|Any CPU.Build.0 = Release|Any CPU
		{78E342F0-B561-4E46-9B31-63CD16041208}.Debug|Any CPU.ActiveCfg = Debug|Any CPU
		{78E342F0-B561-4E46-9B31-63CD16041208}.Debug|Any CPU.Build.0 = Debug|Any CPU
		{78E342F0-B561-4E46-9B31-63CD16041208}.Release|Any CPU.ActiveCfg = Release|Any CPU
		{78E342F0-B561-4E46-9B31-63CD16041208}.Release|Any CPU.Build.0 = Release|Any CPU
		{9A6EB187-982C-45E2-BC00-45A48A624E72}.Debug|Any CPU.ActiveCfg = Debug|Any CPU
		{9A6EB187-982C-45E2-BC00-45A48A624E72}.Debug|Any CPU.Build.0 = Debug|Any CPU
		{9A6EB187-982C-45E2-BC00-45A48A624E72}.Release|Any CPU.ActiveCfg = Release|Any CPU
		{9A6EB187-982C-45E2-BC00-45A48A624E72}.Release|Any CPU.Build.0 = Release|Any CPU
		{0E80B431-D3D3-498F-AF0C-BC0B74A6535F}.Debug|Any CPU.ActiveCfg = Debug|Any CPU
		{0E80B431-D3D3-498F-AF0C-BC0B74A6535F}.Debug|Any CPU.Build.0 = Debug|Any CPU
		{0E80B431-D3D3-498F-AF0C-BC0B74A6535F}.Release|Any CPU.ActiveCfg = Release|Any CPU
		{0E80B431-D3D3-498F-AF0C-BC0B74A6535F}.Release|Any CPU.Build.0 = Release|Any CPU
		{61CFB42D-5A49-4F69-A0A6-D588DDA40F08}.Debug|Any CPU.ActiveCfg = Debug|Any CPU
		{61CFB42D-5A49-4F69-A0A6-D588DDA40F08}.Debug|Any CPU.Build.0 = Debug|Any CPU
		{61CFB42D-5A49-4F69-A0A6-D588DDA40F08}.Release|Any CPU.ActiveCfg = Release|Any CPU
		{61CFB42D-5A49-4F69-A0A6-D588DDA40F08}.Release|Any CPU.Build.0 = Release|Any CPU
	EndGlobalSection
	GlobalSection(SolutionProperties) = preSolution
		HideSolutionNode = FALSE
	EndGlobalSection
EndGlobal
