
Microsoft Visual Studio Solution File, Format Version 12.00
# Visual Studio 15
VisualStudioVersion = 15.0.26430.16
MinimumVisualStudioVersion = 10.0.40219.1
Project("{FAE04EC0-301F-11D3-BF4B-00C04F79EFBC}") = "PersonInterface", "PersonInterface\PersonInterface.csproj", "{DA8A4D18-74B9-4C49-B32C-9ADA05D82F3A}"
EndProject
Project("{FAE04EC0-301F-11D3-BF4B-00C04F79EFBC}") = "FerrariApp", "FerrariApp\FerrariApp.csproj", "{63D24BFB-92DE-4F1B-908E-27F662F56DC6}"
EndProject
Project("{FAE04EC0-301F-11D3-BF4B-00C04F79EFBC}") = "Telephony", "Telephony\Telephony.csproj", "{A91C0E49-E597-4D43-A9C4-39DA93AE1BA1}"
EndProject
Project("{FAE04EC0-301F-11D3-BF4B-00C04F79EFBC}") = "BorderControl", "BorderControl\BorderControl.csproj", "{94DEF251-ABA5-4028-BB7E-F4675DF802E2}"
EndProject
Project("{FAE04EC0-301F-11D3-BF4B-00C04F79EFBC}") = "FoodShortage", "FoodShortage\FoodShortage.csproj", "{89766D3B-845F-4605-A46E-D113B5C3176B}"
EndProject
Project("{FAE04EC0-301F-11D3-BF4B-00C04F79EFBC}") = "MilitaryElite", "MilitaryElite\MilitaryElite.csproj", "{37461EB5-1F52-4203-9D74-5D91D7E14281}"
EndProject
Project("{FAE04EC0-301F-11D3-BF4B-00C04F79EFBC}") = "CollectionHierarchy", "CollectionHierarchy\CollectionHierarchy.csproj", "{4B29FC69-964B-4660-B3B3-399B895BE627}"
EndProject
Project("{FAE04EC0-301F-11D3-BF4B-00C04F79EFBC}") = "ExplicitInterfaces", "ExplicitInterfaces\ExplicitInterfaces.csproj", "{6E095304-87AC-454C-A630-CFB32531E582}"
EndProject
Global
	GlobalSection(SolutionConfigurationPlatforms) = preSolution
		Debug|Any CPU = Debug|Any CPU
		Release|Any CPU = Release|Any CPU
	EndGlobalSection
	GlobalSection(ProjectConfigurationPlatforms) = postSolution
		{DA8A4D18-74B9-4C49-B32C-9ADA05D82F3A}.Debug|Any CPU.ActiveCfg = Debug|Any CPU
		{DA8A4D18-74B9-4C49-B32C-9ADA05D82F3A}.Debug|Any CPU.Build.0 = Debug|Any CPU
		{DA8A4D18-74B9-4C49-B32C-9ADA05D82F3A}.Release|Any CPU.ActiveCfg = Release|Any CPU
		{DA8A4D18-74B9-4C49-B32C-9ADA05D82F3A}.Release|Any CPU.Build.0 = Release|Any CPU
		{63D24BFB-92DE-4F1B-908E-27F662F56DC6}.Debug|Any CPU.ActiveCfg = Debug|Any CPU
		{63D24BFB-92DE-4F1B-908E-27F662F56DC6}.Debug|Any CPU.Build.0 = Debug|Any CPU
		{63D24BFB-92DE-4F1B-908E-27F662F56DC6}.Release|Any CPU.ActiveCfg = Release|Any CPU
		{63D24BFB-92DE-4F1B-908E-27F662F56DC6}.Release|Any CPU.Build.0 = Release|Any CPU
		{A91C0E49-E597-4D43-A9C4-39DA93AE1BA1}.Debug|Any CPU.ActiveCfg = Debug|Any CPU
		{A91C0E49-E597-4D43-A9C4-39DA93AE1BA1}.Debug|Any CPU.Build.0 = Debug|Any CPU
		{A91C0E49-E597-4D43-A9C4-39DA93AE1BA1}.Release|Any CPU.ActiveCfg = Release|Any CPU
		{A91C0E49-E597-4D43-A9C4-39DA93AE1BA1}.Release|Any CPU.Build.0 = Release|Any CPU
		{94DEF251-ABA5-4028-BB7E-F4675DF802E2}.Debug|Any CPU.ActiveCfg = Debug|Any CPU
		{94DEF251-ABA5-4028-BB7E-F4675DF802E2}.Debug|Any CPU.Build.0 = Debug|Any CPU
		{94DEF251-ABA5-4028-BB7E-F4675DF802E2}.Release|Any CPU.ActiveCfg = Release|Any CPU
		{94DEF251-ABA5-4028-BB7E-F4675DF802E2}.Release|Any CPU.Build.0 = Release|Any CPU
		{89766D3B-845F-4605-A46E-D113B5C3176B}.Debug|Any CPU.ActiveCfg = Debug|Any CPU
		{89766D3B-845F-4605-A46E-D113B5C3176B}.Debug|Any CPU.Build.0 = Debug|Any CPU
		{89766D3B-845F-4605-A46E-D113B5C3176B}.Release|Any CPU.ActiveCfg = Release|Any CPU
		{89766D3B-845F-4605-A46E-D113B5C3176B}.Release|Any CPU.Build.0 = Release|Any CPU
		{37461EB5-1F52-4203-9D74-5D91D7E14281}.Debug|Any CPU.ActiveCfg = Debug|Any CPU
		{37461EB5-1F52-4203-9D74-5D91D7E14281}.Debug|Any CPU.Build.0 = Debug|Any CPU
		{37461EB5-1F52-4203-9D74-5D91D7E14281}.Release|Any CPU.ActiveCfg = Release|Any CPU
		{37461EB5-1F52-4203-9D74-5D91D7E14281}.Release|Any CPU.Build.0 = Release|Any CPU
		{4B29FC69-964B-4660-B3B3-399B895BE627}.Debug|Any CPU.ActiveCfg = Debug|Any CPU
		{4B29FC69-964B-4660-B3B3-399B895BE627}.Debug|Any CPU.Build.0 = Debug|Any CPU
		{4B29FC69-964B-4660-B3B3-399B895BE627}.Release|Any CPU.ActiveCfg = Release|Any CPU
		{4B29FC69-964B-4660-B3B3-399B895BE627}.Release|Any CPU.Build.0 = Release|Any CPU
		{6E095304-87AC-454C-A630-CFB32531E582}.Debug|Any CPU.ActiveCfg = Debug|Any CPU
		{6E095304-87AC-454C-A630-CFB32531E582}.Debug|Any CPU.Build.0 = Debug|Any CPU
		{6E095304-87AC-454C-A630-CFB32531E582}.Release|Any CPU.ActiveCfg = Release|Any CPU
		{6E095304-87AC-454C-A630-CFB32531E582}.Release|Any CPU.Build.0 = Release|Any CPU
	EndGlobalSection
	GlobalSection(SolutionProperties) = preSolution
		HideSolutionNode = FALSE
	EndGlobalSection
EndGlobal
